// !$*UTF8*$!
{
	archiveVersion = 1;
	classes = {
	};
	objectVersion = 46;
	objects = {

/* Begin PBXBuildFile section */
		CE6DACA5158CE7AC0030158A /* SlideMenu.m in Sources */ = {isa = PBXBuildFile; fileRef = CE6DACA4158CE7AC0030158A /* SlideMenu.m */; };
		CE6E5A15158EB0E300752FE5 /* FBDialog.bundle in Resources */ = {isa = PBXBuildFile; fileRef = CE6E5A08158EB0E300752FE5 /* FBDialog.bundle */; };
		CE6E5A16158EB0E300752FE5 /* libfacebook_ios_sdk.a in Frameworks */ = {isa = PBXBuildFile; fileRef = CE6E5A0E158EB0E300752FE5 /* libfacebook_ios_sdk.a */; };
		CE6E5A6B158EC95B00752FE5 /* libxml2.dylib in Frameworks */ = {isa = PBXBuildFile; fileRef = CE6E5A6A158EC95B00752FE5 /* libxml2.dylib */; };
		DD0E2C2C157EC2B700F3AAF9 /* UIKit.framework in Frameworks */ = {isa = PBXBuildFile; fileRef = DD0E2C2B157EC2B700F3AAF9 /* UIKit.framework */; };
		DD0E2C2E157EC2B700F3AAF9 /* Foundation.framework in Frameworks */ = {isa = PBXBuildFile; fileRef = DD0E2C2D157EC2B700F3AAF9 /* Foundation.framework */; };
		DD0E2C30157EC2B700F3AAF9 /* CoreGraphics.framework in Frameworks */ = {isa = PBXBuildFile; fileRef = DD0E2C2F157EC2B700F3AAF9 /* CoreGraphics.framework */; };
		DD0E2C36157EC2B700F3AAF9 /* InfoPlist.strings in Resources */ = {isa = PBXBuildFile; fileRef = DD0E2C34157EC2B700F3AAF9 /* InfoPlist.strings */; };
		DD0E2C38157EC2B700F3AAF9 /* main.m in Sources */ = {isa = PBXBuildFile; fileRef = DD0E2C37157EC2B700F3AAF9 /* main.m */; };
		DD0E2C3C157EC2B700F3AAF9 /* AppDelegate.m in Sources */ = {isa = PBXBuildFile; fileRef = DD0E2C3B157EC2B700F3AAF9 /* AppDelegate.m */; };
		DD0E2C3F157EC2B700F3AAF9 /* MainStoryboard_iPhone.storyboard in Resources */ = {isa = PBXBuildFile; fileRef = DD0E2C3D157EC2B700F3AAF9 /* MainStoryboard_iPhone.storyboard */; };
		DD0E2C42157EC2B700F3AAF9 /* MainStoryboard_iPad.storyboard in Resources */ = {isa = PBXBuildFile; fileRef = DD0E2C40157EC2B700F3AAF9 /* MainStoryboard_iPad.storyboard */; };
		DD0E2C5C157EC50900F3AAF9 /* tab_ar@2x.png in Resources */ = {isa = PBXBuildFile; fileRef = DD0E2C56157EC50900F3AAF9 /* tab_ar@2x.png */; };
		DD0E2C5D157EC50900F3AAF9 /* tab_list.png in Resources */ = {isa = PBXBuildFile; fileRef = DD0E2C57157EC50900F3AAF9 /* tab_list.png */; };
		DD0E2C5E157EC50900F3AAF9 /* tab_map.png in Resources */ = {isa = PBXBuildFile; fileRef = DD0E2C58157EC50900F3AAF9 /* tab_map.png */; };
		DD0E2C5F157EC50900F3AAF9 /* tab_ar.png in Resources */ = {isa = PBXBuildFile; fileRef = DD0E2C59157EC50900F3AAF9 /* tab_ar.png */; };
		DD0E2C60157EC50900F3AAF9 /* tab_map@2x.png in Resources */ = {isa = PBXBuildFile; fileRef = DD0E2C5A157EC50900F3AAF9 /* tab_map@2x.png */; };
		DD0E2C61157EC50900F3AAF9 /* tab_list@2x.png in Resources */ = {isa = PBXBuildFile; fileRef = DD0E2C5B157EC50900F3AAF9 /* tab_list@2x.png */; };
		DD0E2C6A157EC95000F3AAF9 /* ARViewController.m in Sources */ = {isa = PBXBuildFile; fileRef = DD0E2C69157EC95000F3AAF9 /* ARViewController.m */; };
		DD0E2C6C157ECA1900F3AAF9 /* AVFoundation.framework in Frameworks */ = {isa = PBXBuildFile; fileRef = DD0E2C6B157ECA1900F3AAF9 /* AVFoundation.framework */; };
		DD0E2C6F157ECBB200F3AAF9 /* brooks_hall_1936.jpg in Resources */ = {isa = PBXBuildFile; fileRef = DD0E2C6E157ECBB200F3AAF9 /* brooks_hall_1936.jpg */; };
		DD34EA2115894FFC00740B4C /* Picture.m in Sources */ = {isa = PBXBuildFile; fileRef = DD34EA2015894FFC00740B4C /* Picture.m */; };
		DD79FF24158188C2001597D0 /* CLLocation+HeadingFromLocation.m in Sources */ = {isa = PBXBuildFile; fileRef = DD79FF23158188C2001597D0 /* CLLocation+HeadingFromLocation.m */; };
		DD847ADA157FD2C100855FEA /* CoreLocation.framework in Frameworks */ = {isa = PBXBuildFile; fileRef = DD847AD9157FD2C100855FEA /* CoreLocation.framework */; };
		DDAC61971587BB2300D2E484 /* data.plist in Resources */ = {isa = PBXBuildFile; fileRef = DDAC61961587BB2300D2E484 /* data.plist */; };
		DDAC619B1587C02600D2E484 /* MapViewController.m in Sources */ = {isa = PBXBuildFile; fileRef = DDAC619A1587C02600D2E484 /* MapViewController.m */; };
		DDD116FB1587C3F900490B53 /* MapKit.framework in Frameworks */ = {isa = PBXBuildFile; fileRef = DDD116FA1587C3F900490B53 /* MapKit.framework */; };
/* End PBXBuildFile section */

/* Begin PBXFileReference section */
		CE6DACA3158CE7AC0030158A /* SlideMenu.h */ = {isa = PBXFileReference; fileEncoding = 4; lastKnownFileType = sourcecode.c.h; path = SlideMenu.h; sourceTree = "<group>"; };
		CE6DACA4158CE7AC0030158A /* SlideMenu.m */ = {isa = PBXFileReference; fileEncoding = 4; lastKnownFileType = sourcecode.c.objc; path = SlideMenu.m; sourceTree = "<group>"; };
		CE6E5A06158EB0E300752FE5 /* Facebook.h */ = {isa = PBXFileReference; fileEncoding = 4; lastKnownFileType = sourcecode.c.h; path = Facebook.h; sourceTree = "<group>"; };
		CE6E5A07158EB0E300752FE5 /* FBConnect.h */ = {isa = PBXFileReference; fileEncoding = 4; lastKnownFileType = sourcecode.c.h; path = FBConnect.h; sourceTree = "<group>"; };
		CE6E5A08158EB0E300752FE5 /* FBDialog.bundle */ = {isa = PBXFileReference; lastKnownFileType = "wrapper.plug-in"; path = FBDialog.bundle; sourceTree = "<group>"; };
		CE6E5A09158EB0E300752FE5 /* FBDialog.h */ = {isa = PBXFileReference; fileEncoding = 4; lastKnownFileType = sourcecode.c.h; path = FBDialog.h; sourceTree = "<group>"; };
		CE6E5A0A158EB0E300752FE5 /* FBFrictionlessRequestSettings.h */ = {isa = PBXFileReference; fileEncoding = 4; lastKnownFileType = sourcecode.c.h; path = FBFrictionlessRequestSettings.h; sourceTree = "<group>"; };
		CE6E5A0B158EB0E300752FE5 /* FBLoginDialog.h */ = {isa = PBXFileReference; fileEncoding = 4; lastKnownFileType = sourcecode.c.h; path = FBLoginDialog.h; sourceTree = "<group>"; };
		CE6E5A0C158EB0E300752FE5 /* FBRequest.h */ = {isa = PBXFileReference; fileEncoding = 4; lastKnownFileType = sourcecode.c.h; path = FBRequest.h; sourceTree = "<group>"; };
		CE6E5A0D158EB0E300752FE5 /* JSON.h */ = {isa = PBXFileReference; fileEncoding = 4; lastKnownFileType = sourcecode.c.h; path = JSON.h; sourceTree = "<group>"; };
		CE6E5A0E158EB0E300752FE5 /* libfacebook_ios_sdk.a */ = {isa = PBXFileReference; lastKnownFileType = archive.ar; path = libfacebook_ios_sdk.a; sourceTree = "<group>"; };
		CE6E5A0F158EB0E300752FE5 /* NSObject+SBJSON.h */ = {isa = PBXFileReference; fileEncoding = 4; lastKnownFileType = sourcecode.c.h; path = "NSObject+SBJSON.h"; sourceTree = "<group>"; };
		CE6E5A10158EB0E300752FE5 /* NSString+SBJSON.h */ = {isa = PBXFileReference; fileEncoding = 4; lastKnownFileType = sourcecode.c.h; path = "NSString+SBJSON.h"; sourceTree = "<group>"; };
		CE6E5A11158EB0E300752FE5 /* SBJSON.h */ = {isa = PBXFileReference; fileEncoding = 4; lastKnownFileType = sourcecode.c.h; path = SBJSON.h; sourceTree = "<group>"; };
		CE6E5A12158EB0E300752FE5 /* SBJsonBase.h */ = {isa = PBXFileReference; fileEncoding = 4; lastKnownFileType = sourcecode.c.h; path = SBJsonBase.h; sourceTree = "<group>"; };
		CE6E5A13158EB0E300752FE5 /* SBJsonParser.h */ = {isa = PBXFileReference; fileEncoding = 4; lastKnownFileType = sourcecode.c.h; path = SBJsonParser.h; sourceTree = "<group>"; };
		CE6E5A14158EB0E300752FE5 /* SBJsonWriter.h */ = {isa = PBXFileReference; fileEncoding = 4; lastKnownFileType = sourcecode.c.h; path = SBJsonWriter.h; sourceTree = "<group>"; };
		CE6E5A6A158EC95B00752FE5 /* libxml2.dylib */ = {isa = PBXFileReference; lastKnownFileType = "compiled.mach-o.dylib"; name = libxml2.dylib; path = usr/lib/libxml2.dylib; sourceTree = SDKROOT; };
		DD0E2C27157EC2B700F3AAF9 /* ar-project.app */ = {isa = PBXFileReference; explicitFileType = wrapper.application; includeInIndex = 0; path = "ar-project.app"; sourceTree = BUILT_PRODUCTS_DIR; };
		DD0E2C2B157EC2B700F3AAF9 /* UIKit.framework */ = {isa = PBXFileReference; lastKnownFileType = wrapper.framework; name = UIKit.framework; path = System/Library/Frameworks/UIKit.framework; sourceTree = SDKROOT; };
		DD0E2C2D157EC2B700F3AAF9 /* Foundation.framework */ = {isa = PBXFileReference; lastKnownFileType = wrapper.framework; name = Foundation.framework; path = System/Library/Frameworks/Foundation.framework; sourceTree = SDKROOT; };
		DD0E2C2F157EC2B700F3AAF9 /* CoreGraphics.framework */ = {isa = PBXFileReference; lastKnownFileType = wrapper.framework; name = CoreGraphics.framework; path = System/Library/Frameworks/CoreGraphics.framework; sourceTree = SDKROOT; };
		DD0E2C33157EC2B700F3AAF9 /* ar-project-Info.plist */ = {isa = PBXFileReference; lastKnownFileType = text.plist.xml; path = "ar-project-Info.plist"; sourceTree = "<group>"; };
		DD0E2C35157EC2B700F3AAF9 /* en */ = {isa = PBXFileReference; lastKnownFileType = text.plist.strings; name = en; path = en.lproj/InfoPlist.strings; sourceTree = "<group>"; };
		DD0E2C37157EC2B700F3AAF9 /* main.m */ = {isa = PBXFileReference; lastKnownFileType = sourcecode.c.objc; path = main.m; sourceTree = "<group>"; };
		DD0E2C39157EC2B700F3AAF9 /* ar-project-Prefix.pch */ = {isa = PBXFileReference; lastKnownFileType = sourcecode.c.h; path = "ar-project-Prefix.pch"; sourceTree = "<group>"; };
		DD0E2C3A157EC2B700F3AAF9 /* AppDelegate.h */ = {isa = PBXFileReference; lastKnownFileType = sourcecode.c.h; path = AppDelegate.h; sourceTree = "<group>"; };
		DD0E2C3B157EC2B700F3AAF9 /* AppDelegate.m */ = {isa = PBXFileReference; lastKnownFileType = sourcecode.c.objc; path = AppDelegate.m; sourceTree = "<group>"; };
		DD0E2C3E157EC2B700F3AAF9 /* en */ = {isa = PBXFileReference; lastKnownFileType = file.storyboard; name = en; path = en.lproj/MainStoryboard_iPhone.storyboard; sourceTree = "<group>"; };
		DD0E2C41157EC2B700F3AAF9 /* en */ = {isa = PBXFileReference; lastKnownFileType = file.storyboard; name = en; path = en.lproj/MainStoryboard_iPad.storyboard; sourceTree = "<group>"; };
		DD0E2C56157EC50900F3AAF9 /* tab_ar@2x.png */ = {isa = PBXFileReference; lastKnownFileType = image.png; path = "tab_ar@2x.png"; sourceTree = "<group>"; };
		DD0E2C57157EC50900F3AAF9 /* tab_list.png */ = {isa = PBXFileReference; lastKnownFileType = image.png; path = tab_list.png; sourceTree = "<group>"; };
		DD0E2C58157EC50900F3AAF9 /* tab_map.png */ = {isa = PBXFileReference; lastKnownFileType = image.png; path = tab_map.png; sourceTree = "<group>"; };
		DD0E2C59157EC50900F3AAF9 /* tab_ar.png */ = {isa = PBXFileReference; lastKnownFileType = image.png; path = tab_ar.png; sourceTree = "<group>"; };
		DD0E2C5A157EC50900F3AAF9 /* tab_map@2x.png */ = {isa = PBXFileReference; lastKnownFileType = image.png; path = "tab_map@2x.png"; sourceTree = "<group>"; };
		DD0E2C5B157EC50900F3AAF9 /* tab_list@2x.png */ = {isa = PBXFileReference; lastKnownFileType = image.png; path = "tab_list@2x.png"; sourceTree = "<group>"; };
		DD0E2C68157EC95000F3AAF9 /* ARViewController.h */ = {isa = PBXFileReference; fileEncoding = 4; lastKnownFileType = sourcecode.c.h; path = ARViewController.h; sourceTree = "<group>"; };
		DD0E2C69157EC95000F3AAF9 /* ARViewController.m */ = {isa = PBXFileReference; fileEncoding = 4; lastKnownFileType = sourcecode.c.objc; path = ARViewController.m; sourceTree = "<group>"; };
		DD0E2C6B157ECA1900F3AAF9 /* AVFoundation.framework */ = {isa = PBXFileReference; lastKnownFileType = wrapper.framework; name = AVFoundation.framework; path = System/Library/Frameworks/AVFoundation.framework; sourceTree = SDKROOT; };
		DD0E2C6E157ECBB200F3AAF9 /* brooks_hall_1936.jpg */ = {isa = PBXFileReference; lastKnownFileType = image.jpeg; path = brooks_hall_1936.jpg; sourceTree = "<group>"; };
		DD34EA1F15894FFC00740B4C /* Picture.h */ = {isa = PBXFileReference; fileEncoding = 4; lastKnownFileType = sourcecode.c.h; path = Picture.h; sourceTree = "<group>"; };
		DD34EA2015894FFC00740B4C /* Picture.m */ = {isa = PBXFileReference; fileEncoding = 4; lastKnownFileType = sourcecode.c.objc; path = Picture.m; sourceTree = "<group>"; };
		DD79FF22158188C2001597D0 /* CLLocation+HeadingFromLocation.h */ = {isa = PBXFileReference; fileEncoding = 4; lastKnownFileType = sourcecode.c.h; path = "CLLocation+HeadingFromLocation.h"; sourceTree = "<group>"; };
		DD79FF23158188C2001597D0 /* CLLocation+HeadingFromLocation.m */ = {isa = PBXFileReference; fileEncoding = 4; lastKnownFileType = sourcecode.c.objc; path = "CLLocation+HeadingFromLocation.m"; sourceTree = "<group>"; };
		DD847AD9157FD2C100855FEA /* CoreLocation.framework */ = {isa = PBXFileReference; lastKnownFileType = wrapper.framework; name = CoreLocation.framework; path = System/Library/Frameworks/CoreLocation.framework; sourceTree = SDKROOT; };
		DDAC61961587BB2300D2E484 /* data.plist */ = {isa = PBXFileReference; fileEncoding = 4; lastKnownFileType = text.plist.xml; path = data.plist; sourceTree = "<group>"; };
		DDAC61991587C02600D2E484 /* MapViewController.h */ = {isa = PBXFileReference; fileEncoding = 4; lastKnownFileType = sourcecode.c.h; path = MapViewController.h; sourceTree = "<group>"; };
		DDAC619A1587C02600D2E484 /* MapViewController.m */ = {isa = PBXFileReference; fileEncoding = 4; lastKnownFileType = sourcecode.c.objc; path = MapViewController.m; sourceTree = "<group>"; };
		DDD116FA1587C3F900490B53 /* MapKit.framework */ = {isa = PBXFileReference; lastKnownFileType = wrapper.framework; name = MapKit.framework; path = System/Library/Frameworks/MapKit.framework; sourceTree = SDKROOT; };
/* End PBXFileReference section */

/* Begin PBXFrameworksBuildPhase section */
		DD0E2C24157EC2B700F3AAF9 /* Frameworks */ = {
			isa = PBXFrameworksBuildPhase;
			buildActionMask = 2147483647;
			files = (
				CE6E5A6B158EC95B00752FE5 /* libxml2.dylib in Frameworks */,
				DDD116FB1587C3F900490B53 /* MapKit.framework in Frameworks */,
				DD847ADA157FD2C100855FEA /* CoreLocation.framework in Frameworks */,
				DD0E2C6C157ECA1900F3AAF9 /* AVFoundation.framework in Frameworks */,
				DD0E2C2C157EC2B700F3AAF9 /* UIKit.framework in Frameworks */,
				DD0E2C2E157EC2B700F3AAF9 /* Foundation.framework in Frameworks */,
				DD0E2C30157EC2B700F3AAF9 /* CoreGraphics.framework in Frameworks */,
				CE6E5A16158EB0E300752FE5 /* libfacebook_ios_sdk.a in Frameworks */,
			);
			runOnlyForDeploymentPostprocessing = 0;
		};
/* End PBXFrameworksBuildPhase section */

/* Begin PBXGroup section */
		CE6E5A05158EB0E300752FE5 /* facebook-ios-sdk */ = {
			isa = PBXGroup;
			children = (
				CE6E5A06158EB0E300752FE5 /* Facebook.h */,
				CE6E5A07158EB0E300752FE5 /* FBConnect.h */,
				CE6E5A08158EB0E300752FE5 /* FBDialog.bundle */,
				CE6E5A09158EB0E300752FE5 /* FBDialog.h */,
				CE6E5A0A158EB0E300752FE5 /* FBFrictionlessRequestSettings.h */,
				CE6E5A0B158EB0E300752FE5 /* FBLoginDialog.h */,
				CE6E5A0C158EB0E300752FE5 /* FBRequest.h */,
				CE6E5A0D158EB0E300752FE5 /* JSON.h */,
				CE6E5A0E158EB0E300752FE5 /* libfacebook_ios_sdk.a */,
				CE6E5A0F158EB0E300752FE5 /* NSObject+SBJSON.h */,
				CE6E5A10158EB0E300752FE5 /* NSString+SBJSON.h */,
				CE6E5A11158EB0E300752FE5 /* SBJSON.h */,
				CE6E5A12158EB0E300752FE5 /* SBJsonBase.h */,
				CE6E5A13158EB0E300752FE5 /* SBJsonParser.h */,
				CE6E5A14158EB0E300752FE5 /* SBJsonWriter.h */,
			);
			name = "facebook-ios-sdk";
			path = "../../../facebook-ios-sdk/lib/facebook-ios-sdk";
			sourceTree = "<group>";
		};
		DD0E2C1C157EC2B600F3AAF9 = {
			isa = PBXGroup;
			children = (
				CE6E5A6A158EC95B00752FE5 /* libxml2.dylib */,
				DD0E2C31157EC2B700F3AAF9 /* ar-project */,
				DD0E2C2A157EC2B700F3AAF9 /* Frameworks */,
				DD0E2C28157EC2B700F3AAF9 /* Products */,
			);
			sourceTree = "<group>";
		};
		DD0E2C28157EC2B700F3AAF9 /* Products */ = {
			isa = PBXGroup;
			children = (
				DD0E2C27157EC2B700F3AAF9 /* ar-project.app */,
			);
			name = Products;
			sourceTree = "<group>";
		};
		DD0E2C2A157EC2B700F3AAF9 /* Frameworks */ = {
			isa = PBXGroup;
			children = (
				DDD116FA1587C3F900490B53 /* MapKit.framework */,
				DD847AD9157FD2C100855FEA /* CoreLocation.framework */,
				DD0E2C6B157ECA1900F3AAF9 /* AVFoundation.framework */,
				DD0E2C2B157EC2B700F3AAF9 /* UIKit.framework */,
				DD0E2C2D157EC2B700F3AAF9 /* Foundation.framework */,
				DD0E2C2F157EC2B700F3AAF9 /* CoreGraphics.framework */,
			);
			name = Frameworks;
			sourceTree = "<group>";
		};
		DD0E2C31157EC2B700F3AAF9 /* ar-project */ = {
			isa = PBXGroup;
			children = (
				CE6E5A05158EB0E300752FE5 /* facebook-ios-sdk */,
				DD0E2C62157EC51500F3AAF9 /* assets */,
				DD0E2C3A157EC2B700F3AAF9 /* AppDelegate.h */,
				DD0E2C3B157EC2B700F3AAF9 /* AppDelegate.m */,
				DD79FF22158188C2001597D0 /* CLLocation+HeadingFromLocation.h */,
				DD79FF23158188C2001597D0 /* CLLocation+HeadingFromLocation.m */,
				DD0E2C3D157EC2B700F3AAF9 /* MainStoryboard_iPhone.storyboard */,
				DD0E2C40157EC2B700F3AAF9 /* MainStoryboard_iPad.storyboard */,
				CE6DACA3158CE7AC0030158A /* SlideMenu.h */,
				CE6DACA4158CE7AC0030158A /* SlideMenu.m */,
				DD0E2C68157EC95000F3AAF9 /* ARViewController.h */,
				DD0E2C69157EC95000F3AAF9 /* ARViewController.m */,
				DDAC61991587C02600D2E484 /* MapViewController.h */,
				DDAC619A1587C02600D2E484 /* MapViewController.m */,
				DD34EA1F15894FFC00740B4C /* Picture.h */,
				DD34EA2015894FFC00740B4C /* Picture.m */,
				DD0E2C32157EC2B700F3AAF9 /* Supporting Files */,
			);
			path = "ar-project";
			sourceTree = "<group>";
		};
		DD0E2C32157EC2B700F3AAF9 /* Supporting Files */ = {
			isa = PBXGroup;
			children = (
				DD0E2C33157EC2B700F3AAF9 /* ar-project-Info.plist */,
				DD0E2C34157EC2B700F3AAF9 /* InfoPlist.strings */,
				DD0E2C37157EC2B700F3AAF9 /* main.m */,
				DD0E2C39157EC2B700F3AAF9 /* ar-project-Prefix.pch */,
			);
			name = "Supporting Files";
			sourceTree = "<group>";
		};
		DD0E2C62157EC51500F3AAF9 /* assets */ = {
			isa = PBXGroup;
			children = (
				DD0E2C6D157ECB8800F3AAF9 /* sample images */,
				DD0E2C63157EC51E00F3AAF9 /* icons */,
				DDAC61961587BB2300D2E484 /* data.plist */,
			);
			name = assets;
			sourceTree = "<group>";
		};
		DD0E2C63157EC51E00F3AAF9 /* icons */ = {
			isa = PBXGroup;
			children = (
				DD0E2C56157EC50900F3AAF9 /* tab_ar@2x.png */,
				DD0E2C57157EC50900F3AAF9 /* tab_list.png */,
				DD0E2C58157EC50900F3AAF9 /* tab_map.png */,
				DD0E2C59157EC50900F3AAF9 /* tab_ar.png */,
				DD0E2C5A157EC50900F3AAF9 /* tab_map@2x.png */,
				DD0E2C5B157EC50900F3AAF9 /* tab_list@2x.png */,
			);
			name = icons;
			sourceTree = "<group>";
		};
		DD0E2C6D157ECB8800F3AAF9 /* sample images */ = {
			isa = PBXGroup;
			children = (
				DD0E2C6E157ECBB200F3AAF9 /* brooks_hall_1936.jpg */,
			);
			name = "sample images";
			sourceTree = "<group>";
		};
/* End PBXGroup section */

/* Begin PBXNativeTarget section */
		DD0E2C26157EC2B700F3AAF9 /* ar-project */ = {
			isa = PBXNativeTarget;
			buildConfigurationList = DD0E2C53157EC2B700F3AAF9 /* Build configuration list for PBXNativeTarget "ar-project" */;
			buildPhases = (
				DD0E2C23157EC2B700F3AAF9 /* Sources */,
				DD0E2C24157EC2B700F3AAF9 /* Frameworks */,
				DD0E2C25157EC2B700F3AAF9 /* Resources */,
			);
			buildRules = (
			);
			dependencies = (
			);
			name = "ar-project";
			productName = "ar-project";
			productReference = DD0E2C27157EC2B700F3AAF9 /* ar-project.app */;
			productType = "com.apple.product-type.application";
		};
/* End PBXNativeTarget section */

/* Begin PBXProject section */
		DD0E2C1E157EC2B600F3AAF9 /* Project object */ = {
			isa = PBXProject;
			attributes = {
				LastUpgradeCheck = 0430;
			};
			buildConfigurationList = DD0E2C21157EC2B600F3AAF9 /* Build configuration list for PBXProject "ar-project" */;
			compatibilityVersion = "Xcode 3.2";
			developmentRegion = English;
			hasScannedForEncodings = 0;
			knownRegions = (
				en,
			);
			mainGroup = DD0E2C1C157EC2B600F3AAF9;
			productRefGroup = DD0E2C28157EC2B700F3AAF9 /* Products */;
			projectDirPath = "";
			projectRoot = "";
			targets = (
				DD0E2C26157EC2B700F3AAF9 /* ar-project */,
			);
		};
/* End PBXProject section */

/* Begin PBXResourcesBuildPhase section */
		DD0E2C25157EC2B700F3AAF9 /* Resources */ = {
			isa = PBXResourcesBuildPhase;
			buildActionMask = 2147483647;
			files = (
				DD0E2C36157EC2B700F3AAF9 /* InfoPlist.strings in Resources */,
				DD0E2C3F157EC2B700F3AAF9 /* MainStoryboard_iPhone.storyboard in Resources */,
				DD0E2C42157EC2B700F3AAF9 /* MainStoryboard_iPad.storyboard in Resources */,
				DD0E2C5C157EC50900F3AAF9 /* tab_ar@2x.png in Resources */,
				DD0E2C5D157EC50900F3AAF9 /* tab_list.png in Resources */,
				DD0E2C5E157EC50900F3AAF9 /* tab_map.png in Resources */,
				DD0E2C5F157EC50900F3AAF9 /* tab_ar.png in Resources */,
				DD0E2C60157EC50900F3AAF9 /* tab_map@2x.png in Resources */,
				DD0E2C61157EC50900F3AAF9 /* tab_list@2x.png in Resources */,
				DD0E2C6F157ECBB200F3AAF9 /* brooks_hall_1936.jpg in Resources */,
				DDAC61971587BB2300D2E484 /* data.plist in Resources */,
				CE6E5A15158EB0E300752FE5 /* FBDialog.bundle in Resources */,
			);
			runOnlyForDeploymentPostprocessing = 0;
		};
/* End PBXResourcesBuildPhase section */

/* Begin PBXSourcesBuildPhase section */
		DD0E2C23157EC2B700F3AAF9 /* Sources */ = {
			isa = PBXSourcesBuildPhase;
			buildActionMask = 2147483647;
			files = (
				DD0E2C38157EC2B700F3AAF9 /* main.m in Sources */,
				DD0E2C3C157EC2B700F3AAF9 /* AppDelegate.m in Sources */,
				DD0E2C6A157EC95000F3AAF9 /* ARViewController.m in Sources */,
				DD79FF24158188C2001597D0 /* CLLocation+HeadingFromLocation.m in Sources */,
				DDAC619B1587C02600D2E484 /* MapViewController.m in Sources */,
				DD34EA2115894FFC00740B4C /* Picture.m in Sources */,
				CE6DACA5158CE7AC0030158A /* SlideMenu.m in Sources */,
			);
			runOnlyForDeploymentPostprocessing = 0;
		};
/* End PBXSourcesBuildPhase section */

/* Begin PBXVariantGroup section */
		DD0E2C34157EC2B700F3AAF9 /* InfoPlist.strings */ = {
			isa = PBXVariantGroup;
			children = (
				DD0E2C35157EC2B700F3AAF9 /* en */,
			);
			name = InfoPlist.strings;
			sourceTree = "<group>";
		};
		DD0E2C3D157EC2B700F3AAF9 /* MainStoryboard_iPhone.storyboard */ = {
			isa = PBXVariantGroup;
			children = (
				DD0E2C3E157EC2B700F3AAF9 /* en */,
			);
			name = MainStoryboard_iPhone.storyboard;
			sourceTree = "<group>";
		};
		DD0E2C40157EC2B700F3AAF9 /* MainStoryboard_iPad.storyboard */ = {
			isa = PBXVariantGroup;
			children = (
				DD0E2C41157EC2B700F3AAF9 /* en */,
			);
			name = MainStoryboard_iPad.storyboard;
			sourceTree = "<group>";
		};
/* End PBXVariantGroup section */

/* Begin XCBuildConfiguration section */
		DD0E2C51157EC2B700F3AAF9 /* Debug */ = {
			isa = XCBuildConfiguration;
			buildSettings = {
				ALWAYS_SEARCH_USER_PATHS = NO;
				ARCHS = "$(ARCHS_STANDARD_32_BIT)";
				CLANG_ENABLE_OBJC_ARC = YES;
				"CODE_SIGN_IDENTITY[sdk=iphoneos*]" = "iPhone Developer";
				COPY_PHASE_STRIP = NO;
				GCC_C_LANGUAGE_STANDARD = gnu99;
				GCC_DYNAMIC_NO_PIC = NO;
				GCC_OPTIMIZATION_LEVEL = 0;
				GCC_PREPROCESSOR_DEFINITIONS = (
					"DEBUG=1",
					"$(inherited)",
				);
				GCC_SYMBOLS_PRIVATE_EXTERN = NO;
				GCC_VERSION = com.apple.compilers.llvm.clang.1_0;
				GCC_WARN_ABOUT_RETURN_TYPE = YES;
				GCC_WARN_UNINITIALIZED_AUTOS = YES;
				GCC_WARN_UNUSED_VARIABLE = YES;
				HEADER_SEARCH_PATHS = (
					"$(SDKROOT)/usr/include/libxml2",
					"\n$(SDKROOT)/usr/include/libxml2",
				);
				IPHONEOS_DEPLOYMENT_TARGET = 5.1;
				SDKROOT = iphoneos;
				TARGETED_DEVICE_FAMILY = "1,2";
			};
			name = Debug;
		};
		DD0E2C52157EC2B700F3AAF9 /* Release */ = {
			isa = XCBuildConfiguration;
			buildSettings = {
				ALWAYS_SEARCH_USER_PATHS = NO;
				ARCHS = "$(ARCHS_STANDARD_32_BIT)";
				CLANG_ENABLE_OBJC_ARC = YES;
				"CODE_SIGN_IDENTITY[sdk=iphoneos*]" = "iPhone Developer";
				COPY_PHASE_STRIP = YES;
				GCC_C_LANGUAGE_STANDARD = gnu99;
				GCC_VERSION = com.apple.compilers.llvm.clang.1_0;
				GCC_WARN_ABOUT_RETURN_TYPE = YES;
				GCC_WARN_UNINITIALIZED_AUTOS = YES;
				GCC_WARN_UNUSED_VARIABLE = YES;
				HEADER_SEARCH_PATHS = (
					"$(SDKROOT)/usr/include/libxml2",
					"\n$(SDKROOT)/usr/include/libxml2",
				);
				IPHONEOS_DEPLOYMENT_TARGET = 5.1;
				OTHER_CFLAGS = "-DNS_BLOCK_ASSERTIONS=1";
				SDKROOT = iphoneos;
				TARGETED_DEVICE_FAMILY = "1,2";
				VALIDATE_PRODUCT = YES;
			};
			name = Release;
		};
		DD0E2C54157EC2B700F3AAF9 /* Debug */ = {
			isa = XCBuildConfiguration;
			buildSettings = {
				CODE_SIGN_IDENTITY = "";
				"CODE_SIGN_IDENTITY[sdk=iphoneos*]" = "iPhone Developer";
				GCC_PRECOMPILE_PREFIX_HEADER = YES;
				GCC_PREFIX_HEADER = "ar-project/ar-project-Prefix.pch";
				INFOPLIST_FILE = "ar-project/ar-project-Info.plist";
				LIBRARY_SEARCH_PATHS = (
					"$(inherited)",
					"\"$(SRCROOT)/../facebook-ios-sdk/build/facebook-ios-sdk.build/Release-iphoneos/facebook-ios-sdk.build/Objects-normal/armv6\"",
					"\"$(SRCROOT)/../facebook-ios-sdk/build/facebook-ios-sdk.build/Release-iphoneos/facebook-ios-sdk.build/Objects-normal/armv7\"",
					"\"$(SRCROOT)/../facebook-ios-sdk/build/Release-iphoneos\"",
					"\"$(SRCROOT)/../facebook-ios-sdk/build/Release-iphonesimulator\"",
					"\"$(SRCROOT)/../facebook-ios-sdk/lib/facebook-ios-sdk\"",
					"\"$(SRCROOT)/../../facebook-ios-sdk/lib/facebook-ios-sdk\"",
					"\"$(SRCROOT)/../bengottlieb-Twitter-OAuth-iPhone-d26af5a/Twitter+OAuth/Libraries & Headers\"",
				);
				PRODUCT_NAME = "$(TARGET_NAME)";
				"PROVISIONING_PROFILE[sdk=iphoneos*]" = "";
				WRAPPER_EXTENSION = app;
			};
			name = Debug;
		};
		DD0E2C55157EC2B700F3AAF9 /* Release */ = {
			isa = XCBuildConfiguration;
			buildSettings = {
				CODE_SIGN_IDENTITY = "";
				"CODE_SIGN_IDENTITY[sdk=iphoneos*]" = "iPhone Developer";
				GCC_PRECOMPILE_PREFIX_HEADER = YES;
				GCC_PREFIX_HEADER = "ar-project/ar-project-Prefix.pch";
				INFOPLIST_FILE = "ar-project/ar-project-Info.plist";
				LIBRARY_SEARCH_PATHS = (
					"$(inherited)",
					"\"$(SRCROOT)/../facebook-ios-sdk/build/facebook-ios-sdk.build/Release-iphoneos/facebook-ios-sdk.build/Objects-normal/armv6\"",
					"\"$(SRCROOT)/../facebook-ios-sdk/build/facebook-ios-sdk.build/Release-iphoneos/facebook-ios-sdk.build/Objects-normal/armv7\"",
					"\"$(SRCROOT)/../facebook-ios-sdk/build/Release-iphoneos\"",
					"\"$(SRCROOT)/../facebook-ios-sdk/build/Release-iphonesimulator\"",
					"\"$(SRCROOT)/../facebook-ios-sdk/lib/facebook-ios-sdk\"",
					"\"$(SRCROOT)/../../facebook-ios-sdk/lib/facebook-ios-sdk\"",
					"\"$(SRCROOT)/../bengottlieb-Twitter-OAuth-iPhone-d26af5a/Twitter+OAuth/Libraries & Headers\"",
				);
				PRODUCT_NAME = "$(TARGET_NAME)";
				"PROVISIONING_PROFILE[sdk=iphoneos*]" = "";
				VALIDATE_PRODUCT = NO;
				WRAPPER_EXTENSION = app;
			};
			name = Release;
		};
/* End XCBuildConfiguration section */

/* Begin XCConfigurationList section */
		DD0E2C21157EC2B600F3AAF9 /* Build configuration list for PBXProject "ar-project" */ = {
			isa = XCConfigurationList;
			buildConfigurations = (
				DD0E2C51157EC2B700F3AAF9 /* Debug */,
				DD0E2C52157EC2B700F3AAF9 /* Release */,
			);
			defaultConfigurationIsVisible = 0;
			defaultConfigurationName = Release;
		};
		DD0E2C53157EC2B700F3AAF9 /* Build configuration list for PBXNativeTarget "ar-project" */ = {
			isa = XCConfigurationList;
			buildConfigurations = (
				DD0E2C54157EC2B700F3AAF9 /* Debug */,
				DD0E2C55157EC2B700F3AAF9 /* Release */,
			);
			defaultConfigurationIsVisible = 0;
			defaultConfigurationName = Release;
		};
/* End XCConfigurationList section */
	};
	rootObject = DD0E2C1E157EC2B600F3AAF9 /* Project object */;
}
